
Microsoft Visual Studio Solution File, Format Version 12.00
# Visual Studio 15
VisualStudioVersion = 15.0.27130.2010
MinimumVisualStudioVersion = 10.0.40219.1
Project("{FAE04EC0-301F-11D3-BF4B-00C04F79EFBC}") = "Console.Animate", "Console.Animate\Console.Animate.csproj", "{3E3ABB1C-236D-4564-8368-EF3E72BC4537}"
EndProject
Project("{FAE04EC0-301F-11D3-BF4B-00C04F79EFBC}") = "Windows.Animate", "Windows.Animate\Windows.Animate.csproj", "{631D1B8D-F448-4B45-9A4E-340C106EDD75}"
EndProject
Project("{FAE04EC0-301F-11D3-BF4B-00C04F79EFBC}") = "AnimateLib", "AnimateLib\AnimateLib.csproj", "{FCC846C6-C214-46C4-9557-F5D004FABC3A}"
EndProject
Global
	GlobalSection(SolutionConfigurationPlatforms) = preSolution
		Debug|Any CPU = Debug|Any CPU
		Release|Any CPU = Release|Any CPU
	EndGlobalSection
	GlobalSection(ProjectConfigurationPlatforms) = postSolution
		{3E3ABB1C-236D-4564-8368-EF3E72BC4537}.Debug|Any CPU.ActiveCfg = Debug|Any CPU
		{3E3ABB1C-236D-4564-8368-EF3E72BC4537}.Debug|Any CPU.Build.0 = Debug|Any CPU
		{3E3ABB1C-236D-4564-8368-EF3E72BC4537}.Release|Any CPU.ActiveCfg = Release|Any CPU
		{3E3ABB1C-236D-4564-8368-EF3E72BC4537}.Release|Any CPU.Build.0 = Release|Any CPU
		{631D1B8D-F448-4B45-9A4E-340C106EDD75}.Debug|Any CPU.ActiveCfg = Debug|Any CPU
		{631D1B8D-F448-4B45-9A4E-340C106EDD75}.Debug|Any CPU.Build.0 = Debug|Any CPU
		{631D1B8D-F448-4B45-9A4E-340C106EDD75}.Release|Any CPU.ActiveCfg = Release|Any CPU
		{631D1B8D-F448-4B45-9A4E-340C106EDD75}.Release|Any CPU.Build.0 = Release|Any CPU
		{FCC846C6-C214-46C4-9557-F5D004FABC3A}.Debug|Any CPU.ActiveCfg = Debug|Any CPU
		{FCC846C6-C214-46C4-9557-F5D004FABC3A}.Debug|Any CPU.Build.0 = Debug|Any CPU
		{FCC846C6-C214-46C4-9557-F5D004FABC3A}.Release|Any CPU.ActiveCfg = Release|Any CPU
		{FCC846C6-C214-46C4-9557-F5D004FABC3A}.Release|Any CPU.Build.0 = Release|Any CPU
	EndGlobalSection
	GlobalSection(SolutionProperties) = preSolution
		HideSolutionNode = FALSE
	EndGlobalSection
	GlobalSection(ExtensibilityGlobals) = postSolution
		SolutionGuid = {5F6BF1A8-943B-475A-9D52-EC77B42A232A}
	EndGlobalSection
EndGlobal
